
Microsoft Visual Studio Solution File, Format Version 12.00
# Visual Studio Version 17
VisualStudioVersion = 17.10.35004.147
MinimumVisualStudioVersion = 10.0.40219.1
Project("{9A19103F-16F7-4668-BE54-9A1E7A4F7556}") = "C# Exam 2( OOP )", "C# Assignment 2( OOP )\C# Exam 2( OOP ).csproj", "{D915CAC4-2DD3-4BCA-A74C-6F69F1FC13E6}"
EndProject
Global
	GlobalSection(SolutionConfigurationPlatforms) = preSolution
		Debug|Any CPU = Debug|Any CPU
		Release|Any CPU = Release|Any CPU
	EndGlobalSection
	GlobalSection(ProjectConfigurationPlatforms) = postSolution
		{D915CAC4-2DD3-4BCA-A74C-6F69F1FC13E6}.Debug|Any CPU.ActiveCfg = Debug|Any CPU
		{D915CAC4-2DD3-4BCA-A74C-6F69F1FC13E6}.Debug|Any CPU.Build.0 = Debug|Any CPU
		{D915CAC4-2DD3-4BCA-A74C-6F69F1FC13E6}.Release|Any CPU.ActiveCfg = Release|Any CPU
		{D915CAC4-2DD3-4BCA-A74C-6F69F1FC13E6}.Release|Any CPU.Build.0 = Release|Any CPU
	EndGlobalSection
	GlobalSection(SolutionProperties) = preSolution
		HideSolutionNode = FALSE
	EndGlobalSection
	GlobalSection(ExtensibilityGlobals) = postSolution
		SolutionGuid = {28E75F33-9811-4B27-995D-238AEF6FB6FB}
	EndGlobalSection
EndGlobal
